
Microsoft Visual Studio Solution File, Format Version 12.00
# Visual Studio Version 17
VisualStudioVersion = 17.1.32421.90
MinimumVisualStudioVersion = 10.0.40219.1
Project("{9A19103F-16F7-4668-BE54-9A1E7A4F7556}") = "KCommerceAPI", "KCommerceAPI\KCommerceAPI.csproj", "{34F45973-E566-4337-A3BB-1D9D6E73C99B}"
EndProject
Project("{FAE04EC0-301F-11D3-BF4B-00C04F79EFBC}") = "KCommerceAPI.Loggic", "KCommerceAPI.Loggic\KCommerceAPI.Loggic.csproj", "{8BD9B4CF-EE6A-42EB-ACDD-610918C0AA98}"
EndProject
Project("{FAE04EC0-301F-11D3-BF4B-00C04F79EFBC}") = "KCommerceAPI.DataAccess", "KCommerceAPI.DataAccess\KCommerceAPI.DataAccess.csproj", "{8B9AE029-F140-44C9-880D-AE8E06E52861}"
EndProject
Global
	GlobalSection(SolutionConfigurationPlatforms) = preSolution
		Debug|Any CPU = Debug|Any CPU
		Release|Any CPU = Release|Any CPU
	EndGlobalSection
	GlobalSection(ProjectConfigurationPlatforms) = postSolution
		{34F45973-E566-4337-A3BB-1D9D6E73C99B}.Debug|Any CPU.ActiveCfg = Debug|Any CPU
		{34F45973-E566-4337-A3BB-1D9D6E73C99B}.Debug|Any CPU.Build.0 = Debug|Any CPU
		{34F45973-E566-4337-A3BB-1D9D6E73C99B}.Release|Any CPU.ActiveCfg = Release|Any CPU
		{34F45973-E566-4337-A3BB-1D9D6E73C99B}.Release|Any CPU.Build.0 = Release|Any CPU
		{8BD9B4CF-EE6A-42EB-ACDD-610918C0AA98}.Debug|Any CPU.ActiveCfg = Debug|Any CPU
		{8BD9B4CF-EE6A-42EB-ACDD-610918C0AA98}.Debug|Any CPU.Build.0 = Debug|Any CPU
		{8BD9B4CF-EE6A-42EB-ACDD-610918C0AA98}.Release|Any CPU.ActiveCfg = Release|Any CPU
		{8BD9B4CF-EE6A-42EB-ACDD-610918C0AA98}.Release|Any CPU.Build.0 = Release|Any CPU
		{8B9AE029-F140-44C9-880D-AE8E06E52861}.Debug|Any CPU.ActiveCfg = Debug|Any CPU
		{8B9AE029-F140-44C9-880D-AE8E06E52861}.Debug|Any CPU.Build.0 = Debug|Any CPU
		{8B9AE029-F140-44C9-880D-AE8E06E52861}.Release|Any CPU.ActiveCfg = Release|Any CPU
		{8B9AE029-F140-44C9-880D-AE8E06E52861}.Release|Any CPU.Build.0 = Release|Any CPU
	EndGlobalSection
	GlobalSection(SolutionProperties) = preSolution
		HideSolutionNode = FALSE
	EndGlobalSection
	GlobalSection(ExtensibilityGlobals) = postSolution
		SolutionGuid = {0183683F-ECF9-45C5-BCD3-EA931E24B275}
	EndGlobalSection
EndGlobal
